
Microsoft Visual Studio Solution File, Format Version 12.00
# Visual Studio Version 16
VisualStudioVersion = 16.0.30002.166
MinimumVisualStudioVersion = 10.0.40219.1
Project("{FAE04EC0-301F-11D3-BF4B-00C04F79EFBC}") = "Module3TP", "Module3TP.csproj", "{BF657E55-F8DC-42D8-8ACE-8CE8CFC6A6BB}"
EndProject
Global
	GlobalSection(SolutionConfigurationPlatforms) = preSolution
		Debug|Any CPU = Debug|Any CPU
		Release|Any CPU = Release|Any CPU
	EndGlobalSection
	GlobalSection(ProjectConfigurationPlatforms) = postSolution
		{BF657E55-F8DC-42D8-8ACE-8CE8CFC6A6BB}.Debug|Any CPU.ActiveCfg = Debug|Any CPU
		{BF657E55-F8DC-42D8-8ACE-8CE8CFC6A6BB}.Debug|Any CPU.Build.0 = Debug|Any CPU
		{BF657E55-F8DC-42D8-8ACE-8CE8CFC6A6BB}.Release|Any CPU.ActiveCfg = Release|Any CPU
		{BF657E55-F8DC-42D8-8ACE-8CE8CFC6A6BB}.Release|Any CPU.Build.0 = Release|Any CPU
	EndGlobalSection
	GlobalSection(SolutionProperties) = preSolution
		HideSolutionNode = FALSE
	EndGlobalSection
	GlobalSection(ExtensibilityGlobals) = postSolution
		SolutionGuid = {B992BB14-DC72-492E-9D8D-2319CF48F5D5}
	EndGlobalSection
EndGlobal
